
Microsoft Visual Studio Solution File, Format Version 12.00
# Visual Studio 15
VisualStudioVersion = 15.0.26730.12
MinimumVisualStudioVersion = 10.0.40219.1
Project("{8BC9CEB8-8B4A-11D0-8D11-00A0C91BC942}") = "ImageColor", "ImageColor\ImageColor.vcxproj", "{490061AB-38E4-4795-AEC0-22CF7EF9AD44}"
EndProject
Project("{FAE04EC0-301F-11D3-BF4B-00C04F79EFBC}") = "LEDController", "LEDWindows\LEDController.csproj", "{3E09BA8C-89FC-4622-A76D-98384EA7E789}"
EndProject
Global
	GlobalSection(SolutionConfigurationPlatforms) = preSolution
		Debug|Any CPU = Debug|Any CPU
		Debug|x64 = Debug|x64
		Debug|x86 = Debug|x86
		Release|Any CPU = Release|Any CPU
		Release|x64 = Release|x64
		Release|x86 = Release|x86
	EndGlobalSection
	GlobalSection(ProjectConfigurationPlatforms) = postSolution
		{490061AB-38E4-4795-AEC0-22CF7EF9AD44}.Debug|Any CPU.ActiveCfg = Debug|Win32
		{490061AB-38E4-4795-AEC0-22CF7EF9AD44}.Debug|x64.ActiveCfg = Debug|x64
		{490061AB-38E4-4795-AEC0-22CF7EF9AD44}.Debug|x64.Build.0 = Debug|x64
		{490061AB-38E4-4795-AEC0-22CF7EF9AD44}.Debug|x86.ActiveCfg = Debug|Win32
		{490061AB-38E4-4795-AEC0-22CF7EF9AD44}.Debug|x86.Build.0 = Debug|Win32
		{490061AB-38E4-4795-AEC0-22CF7EF9AD44}.Release|Any CPU.ActiveCfg = Release|Win32
		{490061AB-38E4-4795-AEC0-22CF7EF9AD44}.Release|x64.ActiveCfg = Release|x64
		{490061AB-38E4-4795-AEC0-22CF7EF9AD44}.Release|x64.Build.0 = Release|x64
		{490061AB-38E4-4795-AEC0-22CF7EF9AD44}.Release|x86.ActiveCfg = Release|Win32
		{490061AB-38E4-4795-AEC0-22CF7EF9AD44}.Release|x86.Build.0 = Release|Win32
		{3E09BA8C-89FC-4622-A76D-98384EA7E789}.Debug|Any CPU.ActiveCfg = Debug|Any CPU
		{3E09BA8C-89FC-4622-A76D-98384EA7E789}.Debug|Any CPU.Build.0 = Debug|Any CPU
		{3E09BA8C-89FC-4622-A76D-98384EA7E789}.Debug|x64.ActiveCfg = Debug|Any CPU
		{3E09BA8C-89FC-4622-A76D-98384EA7E789}.Debug|x64.Build.0 = Debug|Any CPU
		{3E09BA8C-89FC-4622-A76D-98384EA7E789}.Debug|x86.ActiveCfg = Debug|Any CPU
		{3E09BA8C-89FC-4622-A76D-98384EA7E789}.Debug|x86.Build.0 = Debug|Any CPU
		{3E09BA8C-89FC-4622-A76D-98384EA7E789}.Release|Any CPU.ActiveCfg = Release|Any CPU
		{3E09BA8C-89FC-4622-A76D-98384EA7E789}.Release|Any CPU.Build.0 = Release|Any CPU
		{3E09BA8C-89FC-4622-A76D-98384EA7E789}.Release|x64.ActiveCfg = Release|Any CPU
		{3E09BA8C-89FC-4622-A76D-98384EA7E789}.Release|x64.Build.0 = Release|Any CPU
		{3E09BA8C-89FC-4622-A76D-98384EA7E789}.Release|x86.ActiveCfg = Release|Any CPU
		{3E09BA8C-89FC-4622-A76D-98384EA7E789}.Release|x86.Build.0 = Release|Any CPU
	EndGlobalSection
	GlobalSection(SolutionProperties) = preSolution
		HideSolutionNode = FALSE
	EndGlobalSection
	GlobalSection(ExtensibilityGlobals) = postSolution
		SolutionGuid = {504763B7-731F-44D3-8D4D-54CFD0A1F697}
	EndGlobalSection
EndGlobal
